{
  "name": "@doce/client",
  "version": "1.0.0",
  "lockfileVersion": 1,
  "requires": true,
  "dependencies": {
    "@types/node": {
      "version": "10.14.20",
      "resolved": "https://registry.npmjs.org/@types/node/-/node-10.14.20.tgz",
      "integrity": "sha512-An+MXSV8CGXz/BO9C1KKsoJ/8WDrvlNUaRMsm2h+IHZuSyQkM8U5bJJkb8ItLKA73VePG/nUK+t+EuW2IWuhsQ=="
    },
    "betsy": {
      "version": "1.0.2",
      "resolved": "https://registry.npmjs.org/betsy/-/betsy-1.0.2.tgz",
      "integrity": "sha512-yt/OUTbSeCRj4uwbDnjTbnWgrLsgBl1nzJLdZH2eOtrf3SDH7svdoTMWOvTFhUdIM86pY6k21o/4SCIT6RYjig==",
      "requires": {
        "@types/node": "^10.5.1",
        "tslib": "^1.9.3"
      }
    },
    "is-plain-obj": {
      "version": "1.1.0",
      "resolved": "https://registry.npmjs.org/is-plain-obj/-/is-plain-obj-1.1.0.tgz",
      "integrity": "sha1-caUMhCnfync8kqOQpKA7OfzVHT4="
    },
    "js-tokens": {
      "version": "4.0.0",
      "resolved": "https://registry.npmjs.org/js-tokens/-/js-tokens-4.0.0.tgz",
      "integrity": "sha512-RdJUflcE3cUzKiMqQgsCu06FPu9UdIJO0beYbPhHN4k6apgJtifcoCtT9bcxOpYBtpD2kCM6Sbzg4CausW/PKQ=="
    },
    "loose-envify": {
      "version": "1.4.0",
      "resolved": "https://registry.npmjs.org/loose-envify/-/loose-envify-1.4.0.tgz",
      "integrity": "sha512-lyuxPGr/Wfhrlem2CL/UcnUc1zcqKAImBDzukY7Y5F/yQiNdko6+fRLevlw1HgMySw7f611UIY408EtxRSoK3Q==",
      "requires": {
        "js-tokens": "^3.0.0 || ^4.0.0"
      }
    },
    "object-assign": {
      "version": "4.1.1",
      "resolved": "https://registry.npmjs.org/object-assign/-/object-assign-4.1.1.tgz",
      "integrity": "sha1-IQmtx5ZYh8/AXLvUQsrIv7s2CGM="
    },
    "overmind": {
      "version": "19.2.0",
      "resolved": "https://registry.npmjs.org/overmind/-/overmind-19.2.0.tgz",
      "integrity": "sha512-wR8atU5RoE8iXvZS3MKrAKbn52fncKUktSQu17eIf1ihbrslAiO2InipwGdr4m8HGdvOgTiBPi5s/ygn6bMsyw==",
      "requires": {
        "betsy": "1.0.2",
        "is-plain-obj": "^1.1.0",
        "proxy-state-tree": "4.4.3"
      }
    },
    "prop-types": {
      "version": "15.7.2",
      "resolved": "https://registry.npmjs.org/prop-types/-/prop-types-15.7.2.tgz",
      "integrity": "sha512-8QQikdH7//R2vurIJSutZ1smHYTcLpRWEOlHnzcWHmBYrOGUysKwSsrC89BCiFj3CbrfJ/nXFdJepOVrY1GCHQ==",
      "requires": {
        "loose-envify": "^1.4.0",
        "object-assign": "^4.1.1",
        "react-is": "^16.8.1"
      }
    },
    "proxy-state-tree": {
      "version": "4.4.3",
      "resolved": "https://registry.npmjs.org/proxy-state-tree/-/proxy-state-tree-4.4.3.tgz",
      "integrity": "sha512-ucXlGp6fVCLhiwA+Gx8ePvA47S+JFTgJbj7gHBPr2vyaDX1RXrAjmy1OwdChsL3/3ogLc2xkJGn9p+p2DaIC7Q==",
      "requires": {
        "is-plain-obj": "^1.1.0"
      }
    },
    "react": {
      "version": "16.10.2",
      "resolved": "https://registry.npmjs.org/react/-/react-16.10.2.tgz",
      "integrity": "sha512-MFVIq0DpIhrHFyqLU0S3+4dIcBhhOvBE8bJ/5kHPVOVaGdo0KuiQzpcjCPsf585WvhypqtrMILyoE2th6dT+Lw==",
      "requires": {
        "loose-envify": "^1.1.0",
        "object-assign": "^4.1.1",
        "prop-types": "^15.6.2"
      }
    },
    "react-is": {
      "version": "16.10.2",
      "resolved": "https://registry.npmjs.org/react-is/-/react-is-16.10.2.tgz",
      "integrity": "sha512-INBT1QEgtcCCgvccr5/86CfD71fw9EPmDxgiJX4I2Ddr6ZsV6iFXsuby+qWJPtmNuMY0zByTsG4468P7nHuNWA=="
    },
    "tslib": {
      "version": "1.10.0",
      "resolved": "https://registry.npmjs.org/tslib/-/tslib-1.10.0.tgz",
      "integrity": "sha512-qOebF53frne81cf0S9B41ByenJ3/IuH8yJKngAX35CmiZySA0khhkovshKK+jGCaMnVomla7gVlIcc3EvKPbTQ=="
    }
  }
}
