# THIS IS AN AUTOGENERATED FILE. DO NOT EDIT THIS FILE DIRECTLY.
# yarn lockfile v1


"@types/node@^10.5.1":
  version "10.14.19"
  resolved "https://registry.npm.taobao.org/@types/node/download/@types/node-10.14.19.tgz#f52742c7834a815dedf66edfc8a51547e2a67342"
  integrity sha1-9SdCx4NKgV3t9m7fyKUVR+Kmc0I=

betsy@1.0.2:
  version "1.0.2"
  resolved "https://registry.npm.taobao.org/betsy/download/betsy-1.0.2.tgz#e53abc4750d6a6a112a7835f723db0ca01a3b197"
  integrity sha1-5Tq8R1DWpqESp4Nfcj2wygGjsZc=
  dependencies:
    "@types/node" "^10.5.1"
    tslib "^1.9.3"

is-plain-obj@^1.1.0:
  version "1.1.0"
  resolved "https://registry.npm.taobao.org/is-plain-obj/download/is-plain-obj-1.1.0.tgz#71a50c8429dfca773c92a390a4a03b39fcd51d3e"
  integrity sha1-caUMhCnfync8kqOQpKA7OfzVHT4=

"js-tokens@^3.0.0 || ^4.0.0":
  version "4.0.0"
  resolved "https://registry.npm.taobao.org/js-tokens/download/js-tokens-4.0.0.tgz#19203fb59991df98e3a287050d4647cdeaf32499"
  integrity sha1-GSA/tZmR35jjoocFDUZHzerzJJk=

loose-envify@^1.1.0, loose-envify@^1.4.0:
  version "1.4.0"
  resolved "https://registry.npm.taobao.org/loose-envify/download/loose-envify-1.4.0.tgz#71ee51fa7be4caec1a63839f7e682d8132d30caf"
  integrity sha1-ce5R+nvkyuwaY4OffmgtgTLTDK8=
  dependencies:
    js-tokens "^3.0.0 || ^4.0.0"

object-assign@^4.1.1:
  version "4.1.1"
  resolved "https://registry.npm.taobao.org/object-assign/download/object-assign-4.1.1.tgz#2109adc7965887cfc05cbbd442cac8bfbb360863"
  integrity sha1-IQmtx5ZYh8/AXLvUQsrIv7s2CGM=

overmind@^19.2.0:
  version "19.2.0"
  resolved "https://registry.npm.taobao.org/overmind/download/overmind-19.2.0.tgz#2f0d57e6da4f4669ed95dec3975e111091613327"
  integrity sha1-Lw1X5tpPRmntld7Dl14REJFhMyc=
  dependencies:
    betsy "1.0.2"
    is-plain-obj "^1.1.0"
    proxy-state-tree "4.4.3"

prop-types@^15.6.2:
  version "15.7.2"
  resolved "https://registry.npm.taobao.org/prop-types/download/prop-types-15.7.2.tgz#52c41e75b8c87e72b9d9360e0206b99dcbffa6c5"
  integrity sha1-UsQedbjIfnK52TYOAga5ncv/psU=
  dependencies:
    loose-envify "^1.4.0"
    object-assign "^4.1.1"
    react-is "^16.8.1"

proxy-state-tree@4.4.3:
  version "4.4.3"
  resolved "https://registry.npm.taobao.org/proxy-state-tree/download/proxy-state-tree-4.4.3.tgz#b3d127085f1e98ec533f1ddfa8a2a8e6b43bdb19"
  integrity sha1-s9EnCF8emOxTPx3fqKKo5rQ72xk=
  dependencies:
    is-plain-obj "^1.1.0"

react-is@^16.8.1:
  version "16.10.1"
  resolved "https://registry.npm.taobao.org/react-is/download/react-is-16.10.1.tgz#0612786bf19df406502d935494f0450b40b8294f"
  integrity sha1-BhJ4a/Gd9AZQLZNUlPBFC0C4KU8=

react@^16.10.1:
  version "16.10.1"
  resolved "https://registry.npm.taobao.org/react/download/react-16.10.1.tgz#967c1e71a2767dfa699e6ba702a00483e3b0573f"
  integrity sha1-lnwecaJ2ffppnmunAqAEg+OwVz8=
  dependencies:
    loose-envify "^1.1.0"
    object-assign "^4.1.1"
    prop-types "^15.6.2"

tslib@^1.9.3:
  version "1.10.0"
  resolved "https://registry.npm.taobao.org/tslib/download/tslib-1.10.0.tgz?cache=0&other_urls=https%3A%2F%2Fregistry.npm.taobao.org%2Ftslib%2Fdownload%2Ftslib-1.10.0.tgz#c3c19f95973fb0a62973fb09d90d961ee43e5c8a"
  integrity sha1-w8GflZc/sKYpc/sJ2Q2WHuQ+XIo=
